{
  "version": 1,
  "dependencies": {
    ".NETCoreApp,Version=v3.0": {
      "Arbor.ModelBinding": {
        "type": "Direct",
        "requested": "[0.7.0, )",
        "resolved": "0.7.0",
        "contentHash": "q1snL4cXLmo4EogoGmOoWtozsPGa6btexvhleZ7TShhSSYKf/bzsj3QOhgqc5G/TmDLN1Th8NFoh6fjOLlN2rQ==",
        "dependencies": {
          "Microsoft.Extensions.Primitives": "[3.0.0, 4.0.0)",
          "Newtonsoft.Json": "12.0.1"
        }
      },
      "Microsoft.Extensions.Logging.Abstractions": {
        "type": "Direct",
        "requested": "[3.0.1, )",
        "resolved": "3.0.1",
        "contentHash": "hqEFHyp+IJleZ31SVRh/TYm1NKNqVFbxqJ9KN20GguYJ3V/cT4SftxuxTc71MI8cYl3myFAcrXyJf05hxJ3f4Q=="
      },
      "Microsoft.Extensions.Primitives": {
        "type": "Direct",
        "requested": "[3.0.1, )",
        "resolved": "3.0.1",
        "contentHash": "9RIADJEXOk3R2rQunxzFxQEazaD3FNOqCNed+yVf/U0HDbbkQcwsWOHrju1YwdQwtewt/0WRUYxRDf3USxezdA=="
      },
      "Newtonsoft.Json": {
        "type": "Direct",
        "requested": "[12.0.3, )",
        "resolved": "12.0.3",
        "contentHash": "6mgjfnRB4jKMlzHSl+VD+oUc1IebOZabkbyWj2RiTgWwYPPuaK1H97G1sHqGwPlS5npiF5Q0OrxN1wni2n5QWg=="
      }
    }
  }
}