{
  "version": 1,
  "dependencies": {
    "net10.0": {
      "Arbor.ModelBinding": {
        "type": "Direct",
        "requested": "[2.6.0, )",
        "resolved": "2.6.0",
        "contentHash": "0HqfqnYCg1LjCP9yLyHq4TE8lhXIVYH+EICdhobczDMXg71/pZFJ+aWIfDIIU3eBRjPTYHpqm/Iqm7gvNvn8pw=="
      },
      "Arbor.ModelBinding.NewtonsoftJson": {
        "type": "Direct",
        "requested": "[2.6.0, )",
        "resolved": "2.6.0",
        "contentHash": "RcuERbmxiy3cKZvgKuEZocYgxyi6f5scA88Ps5zKJ4bSgBXrWaWL4nyIn6SbkvZLIXSPSuj9A38LvZuYm4BsTg==",
        "dependencies": {
          "Arbor.ModelBinding": "2.6.0",
          "Newtonsoft.Json": "13.0.3"
        }
      },
      "Newtonsoft.Json": {
        "type": "Direct",
        "requested": "[13.0.4, )",
        "resolved": "13.0.4",
        "contentHash": "pdgNNMai3zv51W5aq268sujXUyx7SNdE2bj1wZcWjAQrKMFZV260lbqYop1d2GM67JI1huLRwxo9ZqnfF/lC6A=="
      }
    }
  }
}